// !$*UTF8*$!
{
	archiveVersion = 1;
	classes = {
	};
	objectVersion = 46;
	objects = {

/* Begin PBXBuildFile section */
		3FC6C5E11EBA4985005D926B /* bugStats.swift in Sources */ = {isa = PBXBuildFile; fileRef = 3FC6C5E01EBA4985005D926B /* bugStats.swift */; };
		3FC6C5E31EBA4EA5005D926B /* AVFoundation.framework in Frameworks */ = {isa = PBXBuildFile; fileRef = 3FC6C5E21EBA4EA5005D926B /* AVFoundation.framework */; };
		EBB259111EB114F500F3A264 /* AppDelegate.swift in Sources */ = {isa = PBXBuildFile; fileRef = EBB259101EB114F500F3A264 /* AppDelegate.swift */; };
		EBB259161EB114F500F3A264 /* Main.storyboard in Resources */ = {isa = PBXBuildFile; fileRef = EBB259141EB114F500F3A264 /* Main.storyboard */; };
		EBB259181EB114F500F3A264 /* Assets.xcassets in Resources */ = {isa = PBXBuildFile; fileRef = EBB259171EB114F500F3A264 /* Assets.xcassets */; };
		EBB2591B1EB114F500F3A264 /* LaunchScreen.storyboard in Resources */ = {isa = PBXBuildFile; fileRef = EBB259191EB114F500F3A264 /* LaunchScreen.storyboard */; };
		EBB259231EB1151F00F3A264 /* mainScreenView.swift in Sources */ = {isa = PBXBuildFile; fileRef = EBB259221EB1151F00F3A264 /* mainScreenView.swift */; };
		EBB259251EB115A900F3A264 /* startScreen.swift in Sources */ = {isa = PBXBuildFile; fileRef = EBB259241EB115A900F3A264 /* startScreen.swift */; };
		EBF293BF1EB77860006CDCF8 /* shopVC.swift in Sources */ = {isa = PBXBuildFile; fileRef = EBF293BE1EB77860006CDCF8 /* shopVC.swift */; };
		EBF293C41EB8459B006CDCF8 /* bugShake.swift in Sources */ = {isa = PBXBuildFile; fileRef = EBF293C31EB8459B006CDCF8 /* bugShake.swift */; };
		EBF293C61EBBBAD6006CDCF8 /* bugSound.mp3 in Resources */ = {isa = PBXBuildFile; fileRef = EBF293C51EBBBAD6006CDCF8 /* bugSound.mp3 */; };
/* End PBXBuildFile section */

/* Begin PBXFileReference section */
		3FC6C5E01EBA4985005D926B /* bugStats.swift */ = {isa = PBXFileReference; fileEncoding = 4; lastKnownFileType = sourcecode.swift; path = bugStats.swift; sourceTree = "<group>"; };
		3FC6C5E21EBA4EA5005D926B /* AVFoundation.framework */ = {isa = PBXFileReference; lastKnownFileType = wrapper.framework; name = AVFoundation.framework; path = System/Library/Frameworks/AVFoundation.framework; sourceTree = SDKROOT; };
		EBB2590D1EB114F500F3A264 /* Final Project- Real.app */ = {isa = PBXFileReference; explicitFileType = wrapper.application; includeInIndex = 0; path = "Final Project- Real.app"; sourceTree = BUILT_PRODUCTS_DIR; };
		EBB259101EB114F500F3A264 /* AppDelegate.swift */ = {isa = PBXFileReference; lastKnownFileType = sourcecode.swift; path = AppDelegate.swift; sourceTree = "<group>"; };
		EBB259151EB114F500F3A264 /* Base */ = {isa = PBXFileReference; lastKnownFileType = file.storyboard; name = Base; path = Base.lproj/Main.storyboard; sourceTree = "<group>"; };
		EBB259171EB114F500F3A264 /* Assets.xcassets */ = {isa = PBXFileReference; lastKnownFileType = folder.assetcatalog; path = Assets.xcassets; sourceTree = "<group>"; };
		EBB2591A1EB114F500F3A264 /* Base */ = {isa = PBXFileReference; lastKnownFileType = file.storyboard; name = Base; path = Base.lproj/LaunchScreen.storyboard; sourceTree = "<group>"; };
		EBB2591C1EB114F500F3A264 /* Info.plist */ = {isa = PBXFileReference; lastKnownFileType = text.plist.xml; path = Info.plist; sourceTree = "<group>"; };
		EBB259221EB1151F00F3A264 /* mainScreenView.swift */ = {isa = PBXFileReference; fileEncoding = 4; lastKnownFileType = sourcecode.swift; name = mainScreenView.swift; path = ../mainScreenView.swift; sourceTree = "<group>"; };
		EBB259241EB115A900F3A264 /* startScreen.swift */ = {isa = PBXFileReference; fileEncoding = 4; lastKnownFileType = sourcecode.swift; path = startScreen.swift; sourceTree = "<group>"; };
		EBF293BE1EB77860006CDCF8 /* shopVC.swift */ = {isa = PBXFileReference; fileEncoding = 4; lastKnownFileType = sourcecode.swift; name = shopVC.swift; path = ../shopVC.swift; sourceTree = "<group>"; };
		EBF293C31EB8459B006CDCF8 /* bugShake.swift */ = {isa = PBXFileReference; fileEncoding = 4; lastKnownFileType = sourcecode.swift; path = bugShake.swift; sourceTree = "<group>"; };
		EBF293C51EBBBAD6006CDCF8 /* bugSound.mp3 */ = {isa = PBXFileReference; lastKnownFileType = audio.mp3; name = bugSound.mp3; path = ../../../Desktop/bugSound.mp3; sourceTree = "<group>"; };
/* End PBXFileReference section */

/* Begin PBXFrameworksBuildPhase section */
		EBB2590A1EB114F500F3A264 /* Frameworks */ = {
			isa = PBXFrameworksBuildPhase;
			buildActionMask = 2147483647;
			files = (
				3FC6C5E31EBA4EA5005D926B /* AVFoundation.framework in Frameworks */,
			);
			runOnlyForDeploymentPostprocessing = 0;
		};
/* End PBXFrameworksBuildPhase section */

/* Begin PBXGroup section */
		EBB259041EB114F500F3A264 = {
			isa = PBXGroup;
			children = (
				EBB2590F1EB114F500F3A264 /* Final Project- Real */,
				EBB2590E1EB114F500F3A264 /* Products */,
				EBF293C01EB78183006CDCF8 /* Frameworks */,
			);
			sourceTree = "<group>";
		};
		EBB2590E1EB114F500F3A264 /* Products */ = {
			isa = PBXGroup;
			children = (
				EBB2590D1EB114F500F3A264 /* Final Project- Real.app */,
			);
			name = Products;
			sourceTree = "<group>";
		};
		EBB2590F1EB114F500F3A264 /* Final Project- Real */ = {
			isa = PBXGroup;
			children = (
				EBF293C51EBBBAD6006CDCF8 /* bugSound.mp3 */,
				EBF293BE1EB77860006CDCF8 /* shopVC.swift */,
				EBB259241EB115A900F3A264 /* startScreen.swift */,
				3FC6C5E01EBA4985005D926B /* bugStats.swift */,
				EBF293C31EB8459B006CDCF8 /* bugShake.swift */,
				EBB259221EB1151F00F3A264 /* mainScreenView.swift */,
				EBB259101EB114F500F3A264 /* AppDelegate.swift */,
				EBB259141EB114F500F3A264 /* Main.storyboard */,
				EBB259171EB114F500F3A264 /* Assets.xcassets */,
				EBB259191EB114F500F3A264 /* LaunchScreen.storyboard */,
				EBB2591C1EB114F500F3A264 /* Info.plist */,
			);
			path = "Final Project- Real";
			sourceTree = "<group>";
		};
		EBF293C01EB78183006CDCF8 /* Frameworks */ = {
			isa = PBXGroup;
			children = (
				3FC6C5E21EBA4EA5005D926B /* AVFoundation.framework */,
			);
			name = Frameworks;
			sourceTree = "<group>";
		};
/* End PBXGroup section */

/* Begin PBXNativeTarget section */
		EBB2590C1EB114F500F3A264 /* Final Project- Real */ = {
			isa = PBXNativeTarget;
			buildConfigurationList = EBB2591F1EB114F500F3A264 /* Build configuration list for PBXNativeTarget "Final Project- Real" */;
			buildPhases = (
				EBB259091EB114F500F3A264 /* Sources */,
				EBB2590A1EB114F500F3A264 /* Frameworks */,
				EBB2590B1EB114F500F3A264 /* Resources */,
			);
			buildRules = (
			);
			dependencies = (
			);
			name = "Final Project- Real";
			productName = "Final Project- Real";
			productReference = EBB2590D1EB114F500F3A264 /* Final Project- Real.app */;
			productType = "com.apple.product-type.application";
		};
/* End PBXNativeTarget section */

/* Begin PBXProject section */
		EBB259051EB114F500F3A264 /* Project object */ = {
			isa = PBXProject;
			attributes = {
				LastSwiftUpdateCheck = 0820;
				LastUpgradeCheck = 0820;
				ORGANIZATIONNAME = SHP;
				TargetAttributes = {
					EBB2590C1EB114F500F3A264 = {
						CreatedOnToolsVersion = 8.2.1;
						ProvisioningStyle = Automatic;
					};
				};
			};
			buildConfigurationList = EBB259081EB114F500F3A264 /* Build configuration list for PBXProject "Final Project- Real" */;
			compatibilityVersion = "Xcode 3.2";
			developmentRegion = English;
			hasScannedForEncodings = 0;
			knownRegions = (
				en,
				Base,
			);
			mainGroup = EBB259041EB114F500F3A264;
			productRefGroup = EBB2590E1EB114F500F3A264 /* Products */;
			projectDirPath = "";
			projectRoot = "";
			targets = (
				EBB2590C1EB114F500F3A264 /* Final Project- Real */,
			);
		};
/* End PBXProject section */

/* Begin PBXResourcesBuildPhase section */
		EBB2590B1EB114F500F3A264 /* Resources */ = {
			isa = PBXResourcesBuildPhase;
			buildActionMask = 2147483647;
			files = (
				EBB2591B1EB114F500F3A264 /* LaunchScreen.storyboard in Resources */,
				EBF293C61EBBBAD6006CDCF8 /* bugSound.mp3 in Resources */,
				EBB259181EB114F500F3A264 /* Assets.xcassets in Resources */,
				EBB259161EB114F500F3A264 /* Main.storyboard in Resources */,
			);
			runOnlyForDeploymentPostprocessing = 0;
		};
/* End PBXResourcesBuildPhase section */

/* Begin PBXSourcesBuildPhase section */
		EBB259091EB114F500F3A264 /* Sources */ = {
			isa = PBXSourcesBuildPhase;
			buildActionMask = 2147483647;
			files = (
				EBB259231EB1151F00F3A264 /* mainScreenView.swift in Sources */,
				EBB259111EB114F500F3A264 /* AppDelegate.swift in Sources */,
				3FC6C5E11EBA4985005D926B /* bugStats.swift in Sources */,
				EBF293BF1EB77860006CDCF8 /* shopVC.swift in Sources */,
				EBF293C41EB8459B006CDCF8 /* bugShake.swift in Sources */,
				EBB259251EB115A900F3A264 /* startScreen.swift in Sources */,
			);
			runOnlyForDeploymentPostprocessing = 0;
		};
/* End PBXSourcesBuildPhase section */

/* Begin PBXVariantGroup section */
		EBB259141EB114F500F3A264 /* Main.storyboard */ = {
			isa = PBXVariantGroup;
			children = (
				EBB259151EB114F500F3A264 /* Base */,
			);
			name = Main.storyboard;
			sourceTree = "<group>";
		};
		EBB259191EB114F500F3A264 /* LaunchScreen.storyboard */ = {
			isa = PBXVariantGroup;
			children = (
				EBB2591A1EB114F500F3A264 /* Base */,
			);
			name = LaunchScreen.storyboard;
			sourceTree = "<group>";
		};
/* End PBXVariantGroup section */

/* Begin XCBuildConfiguration section */
		EBB2591D1EB114F500F3A264 /* Debug */ = {
			isa = XCBuildConfiguration;
			buildSettings = {
				ALWAYS_SEARCH_USER_PATHS = NO;
				CLANG_ANALYZER_NONNULL = YES;
				CLANG_CXX_LANGUAGE_STANDARD = "gnu++0x";
				CLANG_CXX_LIBRARY = "libc++";
				CLANG_ENABLE_MODULES = YES;
				CLANG_ENABLE_OBJC_ARC = YES;
				CLANG_WARN_BOOL_CONVERSION = YES;
				CLANG_WARN_CONSTANT_CONVERSION = YES;
				CLANG_WARN_DIRECT_OBJC_ISA_USAGE = YES_ERROR;
				CLANG_WARN_DOCUMENTATION_COMMENTS = YES;
				CLANG_WARN_EMPTY_BODY = YES;
				CLANG_WARN_ENUM_CONVERSION = YES;
				CLANG_WARN_INFINITE_RECURSION = YES;
				CLANG_WARN_INT_CONVERSION = YES;
				CLANG_WARN_OBJC_ROOT_CLASS = YES_ERROR;
				CLANG_WARN_SUSPICIOUS_MOVE = YES;
				CLANG_WARN_UNREACHABLE_CODE = YES;
				CLANG_WARN__DUPLICATE_METHOD_MATCH = YES;
				"CODE_SIGN_IDENTITY[sdk=iphoneos*]" = "iPhone Developer";
				COPY_PHASE_STRIP = NO;
				DEBUG_INFORMATION_FORMAT = dwarf;
				ENABLE_STRICT_OBJC_MSGSEND = YES;
				ENABLE_TESTABILITY = YES;
				GCC_C_LANGUAGE_STANDARD = gnu99;
				GCC_DYNAMIC_NO_PIC = NO;
				GCC_NO_COMMON_BLOCKS = YES;
				GCC_OPTIMIZATION_LEVEL = 0;
				GCC_PREPROCESSOR_DEFINITIONS = (
					"DEBUG=1",
					"$(inherited)",
				);
				GCC_WARN_64_TO_32_BIT_CONVERSION = YES;
				GCC_WARN_ABOUT_RETURN_TYPE = YES_ERROR;
				GCC_WARN_UNDECLARED_SELECTOR = YES;
				GCC_WARN_UNINITIALIZED_AUTOS = YES_AGGRESSIVE;
				GCC_WARN_UNUSED_FUNCTION = YES;
				GCC_WARN_UNUSED_VARIABLE = YES;
				IPHONEOS_DEPLOYMENT_TARGET = 10.2;
				MTL_ENABLE_DEBUG_INFO = YES;
				ONLY_ACTIVE_ARCH = YES;
				SDKROOT = iphoneos;
				SWIFT_ACTIVE_COMPILATION_CONDITIONS = DEBUG;
				SWIFT_OPTIMIZATION_LEVEL = "-Onone";
			};
			name = Debug;
		};
		EBB2591E1EB114F500F3A264 /* Release */ = {
			isa = XCBuildConfiguration;
			buildSettings = {
				ALWAYS_SEARCH_USER_PATHS = NO;
				CLANG_ANALYZER_NONNULL = YES;
				CLANG_CXX_LANGUAGE_STANDARD = "gnu++0x";
				CLANG_CXX_LIBRARY = "libc++";
				CLANG_ENABLE_MODULES = YES;
				CLANG_ENABLE_OBJC_ARC = YES;
				CLANG_WARN_BOOL_CONVERSION = YES;
				CLANG_WARN_CONSTANT_CONVERSION = YES;
				CLANG_WARN_DIRECT_OBJC_ISA_USAGE = YES_ERROR;
				CLANG_WARN_DOCUMENTATION_COMMENTS = YES;
				CLANG_WARN_EMPTY_BODY = YES;
				CLANG_WARN_ENUM_CONVERSION = YES;
				CLANG_WARN_INFINITE_RECURSION = YES;
				CLANG_WARN_INT_CONVERSION = YES;
				CLANG_WARN_OBJC_ROOT_CLASS = YES_ERROR;
				CLANG_WARN_SUSPICIOUS_MOVE = YES;
				CLANG_WARN_UNREACHABLE_CODE = YES;
				CLANG_WARN__DUPLICATE_METHOD_MATCH = YES;
				"CODE_SIGN_IDENTITY[sdk=iphoneos*]" = "iPhone Developer";
				COPY_PHASE_STRIP = NO;
				DEBUG_INFORMATION_FORMAT = "dwarf-with-dsym";
				ENABLE_NS_ASSERTIONS = NO;
				ENABLE_STRICT_OBJC_MSGSEND = YES;
				GCC_C_LANGUAGE_STANDARD = gnu99;
				GCC_NO_COMMON_BLOCKS = YES;
				GCC_WARN_64_TO_32_BIT_CONVERSION = YES;
				GCC_WARN_ABOUT_RETURN_TYPE = YES_ERROR;
				GCC_WARN_UNDECLARED_SELECTOR = YES;
				GCC_WARN_UNINITIALIZED_AUTOS = YES_AGGRESSIVE;
				GCC_WARN_UNUSED_FUNCTION = YES;
				GCC_WARN_UNUSED_VARIABLE = YES;
				IPHONEOS_DEPLOYMENT_TARGET = 10.2;
				MTL_ENABLE_DEBUG_INFO = NO;
				SDKROOT = iphoneos;
				SWIFT_OPTIMIZATION_LEVEL = "-Owholemodule";
				VALIDATE_PRODUCT = YES;
			};
			name = Release;
		};
		EBB259201EB114F500F3A264 /* Debug */ = {
			isa = XCBuildConfiguration;
			buildSettings = {
				ASSETCATALOG_COMPILER_APPICON_NAME = AppIcon;
				INFOPLIST_FILE = "Final Project- Real/Info.plist";
				LD_RUNPATH_SEARCH_PATHS = "$(inherited) @executable_path/Frameworks";
				PRODUCT_BUNDLE_IDENTIFIER = "org.shp.Final-Project--Real";
				PRODUCT_NAME = "$(TARGET_NAME)";
				SWIFT_VERSION = 3.0;
			};
			name = Debug;
		};
		EBB259211EB114F500F3A264 /* Release */ = {
			isa = XCBuildConfiguration;
			buildSettings = {
				ASSETCATALOG_COMPILER_APPICON_NAME = AppIcon;
				INFOPLIST_FILE = "Final Project- Real/Info.plist";
				LD_RUNPATH_SEARCH_PATHS = "$(inherited) @executable_path/Frameworks";
				PRODUCT_BUNDLE_IDENTIFIER = "org.shp.Final-Project--Real";
				PRODUCT_NAME = "$(TARGET_NAME)";
				SWIFT_VERSION = 3.0;
			};
			name = Release;
		};
/* End XCBuildConfiguration section */

/* Begin XCConfigurationList section */
		EBB259081EB114F500F3A264 /* Build configuration list for PBXProject "Final Project- Real" */ = {
			isa = XCConfigurationList;
			buildConfigurations = (
				EBB2591D1EB114F500F3A264 /* Debug */,
				EBB2591E1EB114F500F3A264 /* Release */,
			);
			defaultConfigurationIsVisible = 0;
			defaultConfigurationName = Release;
		};
		EBB2591F1EB114F500F3A264 /* Build configuration list for PBXNativeTarget "Final Project- Real" */ = {
			isa = XCConfigurationList;
			buildConfigurations = (
				EBB259201EB114F500F3A264 /* Debug */,
				EBB259211EB114F500F3A264 /* Release */,
			);
			defaultConfigurationIsVisible = 0;
			defaultConfigurationName = Release;
		};
/* End XCConfigurationList section */
	};
	rootObject = EBB259051EB114F500F3A264 /* Project object */;
}
